
Microsoft Visual Studio Solution File, Format Version 12.00
# Visual Studio Version 16
VisualStudioVersion = 16.0.31205.134
MinimumVisualStudioVersion = 10.0.40219.1
Project("{FAE04EC0-301F-11D3-BF4B-00C04F79EFBC}") = "p-1_Pollard", "p-1_Pollard\p-1_Pollard.csproj", "{4E11EED4-DF5D-4B7A-A5E6-C7EB202ECF7D}"
EndProject
Global
	GlobalSection(SolutionConfigurationPlatforms) = preSolution
		Debug|Any CPU = Debug|Any CPU
		Release|Any CPU = Release|Any CPU
	EndGlobalSection
	GlobalSection(ProjectConfigurationPlatforms) = postSolution
		{4E11EED4-DF5D-4B7A-A5E6-C7EB202ECF7D}.Debug|Any CPU.ActiveCfg = Debug|Any CPU
		{4E11EED4-DF5D-4B7A-A5E6-C7EB202ECF7D}.Debug|Any CPU.Build.0 = Debug|Any CPU
		{4E11EED4-DF5D-4B7A-A5E6-C7EB202ECF7D}.Release|Any CPU.ActiveCfg = Release|Any CPU
		{4E11EED4-DF5D-4B7A-A5E6-C7EB202ECF7D}.Release|Any CPU.Build.0 = Release|Any CPU
	EndGlobalSection
	GlobalSection(SolutionProperties) = preSolution
		HideSolutionNode = FALSE
	EndGlobalSection
	GlobalSection(ExtensibilityGlobals) = postSolution
		SolutionGuid = {98E9C187-C53F-4230-878F-EE91288C7DFE}
	EndGlobalSection
EndGlobal
